
Microsoft Visual Studio Solution File, Format Version 12.00
# Visual Studio 14
VisualStudioVersion = 14.0.25420.1
MinimumVisualStudioVersion = 10.0.40219.1
Project("{FAE04EC0-301F-11D3-BF4B-00C04F79EFBC}") = "HellowWorld Application", "HellowWorld Application\HellowWorld Application.csproj", "{2C30B5BE-1F33-410E-8D0F-EEF284C32026}"
	ProjectSection(ProjectDependencies) = postProject
		{5DDAA8CE-0A5B-41FE-BA3F-7DB90EBFDB14} = {5DDAA8CE-0A5B-41FE-BA3F-7DB90EBFDB14}
	EndProjectSection
EndProject
Project("{FAE04EC0-301F-11D3-BF4B-00C04F79EFBC}") = "EvalServiceLibrary", "EvalServiceLibrary\EvalServiceLibrary.csproj", "{5DDAA8CE-0A5B-41FE-BA3F-7DB90EBFDB14}"
EndProject
Project("{FAE04EC0-301F-11D3-BF4B-00C04F79EFBC}") = "CodedUITestProject", "CodedUITestProject\CodedUITestProject.csproj", "{591A3935-A158-46A3-AED5-1BB83EE9051B}"
EndProject
Global
	GlobalSection(SolutionConfigurationPlatforms) = preSolution
		Debug|Any CPU = Debug|Any CPU
		Release|Any CPU = Release|Any CPU
	EndGlobalSection
	GlobalSection(ProjectConfigurationPlatforms) = postSolution
		{2C30B5BE-1F33-410E-8D0F-EEF284C32026}.Debug|Any CPU.ActiveCfg = Debug|Any CPU
		{2C30B5BE-1F33-410E-8D0F-EEF284C32026}.Debug|Any CPU.Build.0 = Debug|Any CPU
		{2C30B5BE-1F33-410E-8D0F-EEF284C32026}.Release|Any CPU.ActiveCfg = Release|Any CPU
		{2C30B5BE-1F33-410E-8D0F-EEF284C32026}.Release|Any CPU.Build.0 = Release|Any CPU
		{5DDAA8CE-0A5B-41FE-BA3F-7DB90EBFDB14}.Debug|Any CPU.ActiveCfg = Debug|Any CPU
		{5DDAA8CE-0A5B-41FE-BA3F-7DB90EBFDB14}.Debug|Any CPU.Build.0 = Debug|Any CPU
		{5DDAA8CE-0A5B-41FE-BA3F-7DB90EBFDB14}.Release|Any CPU.ActiveCfg = Release|Any CPU
		{5DDAA8CE-0A5B-41FE-BA3F-7DB90EBFDB14}.Release|Any CPU.Build.0 = Release|Any CPU
		{591A3935-A158-46A3-AED5-1BB83EE9051B}.Debug|Any CPU.ActiveCfg = Debug|Any CPU
		{591A3935-A158-46A3-AED5-1BB83EE9051B}.Debug|Any CPU.Build.0 = Debug|Any CPU
		{591A3935-A158-46A3-AED5-1BB83EE9051B}.Release|Any CPU.ActiveCfg = Release|Any CPU
		{591A3935-A158-46A3-AED5-1BB83EE9051B}.Release|Any CPU.Build.0 = Release|Any CPU
	EndGlobalSection
	GlobalSection(SolutionProperties) = preSolution
		HideSolutionNode = FALSE
	EndGlobalSection
EndGlobal
